// !$*UTF8*$!
{
	archiveVersion = 1;
	classes = {
	};
	objectVersion = 50;
	objects = {

/* Begin PBXBuildFile section */
		6DCE39832104E038005C125E /* AppDelegate.swift in Sources */ = {isa = PBXBuildFile; fileRef = 6DCE39822104E038005C125E /* AppDelegate.swift */; };
		6DCE39852104E038005C125E /* ViewController.swift in Sources */ = {isa = PBXBuildFile; fileRef = 6DCE39842104E038005C125E /* ViewController.swift */; };
		6DCE39882104E038005C125E /* Main.storyboard in Resources */ = {isa = PBXBuildFile; fileRef = 6DCE39862104E038005C125E /* Main.storyboard */; };
		6DCE398A2104E03B005C125E /* Assets.xcassets in Resources */ = {isa = PBXBuildFile; fileRef = 6DCE39892104E03B005C125E /* Assets.xcassets */; };
		6DCE398D2104E03B005C125E /* LaunchScreen.storyboard in Resources */ = {isa = PBXBuildFile; fileRef = 6DCE398B2104E03B005C125E /* LaunchScreen.storyboard */; };
		6DCE3999210819C8005C125E /* TableViewController.swift in Sources */ = {isa = PBXBuildFile; fileRef = 6DCE3998210819C8005C125E /* TableViewController.swift */; };
		6DCE399B210AB41D005C125E /* AddHabitViewController.swift in Sources */ = {isa = PBXBuildFile; fileRef = 6DCE399A210AB41D005C125E /* AddHabitViewController.swift */; };
/* End PBXBuildFile section */

/* Begin PBXFileReference section */
		6DCE397F2104E038005C125E /* myHabitTracker.app */ = {isa = PBXFileReference; explicitFileType = wrapper.application; includeInIndex = 0; path = myHabitTracker.app; sourceTree = BUILT_PRODUCTS_DIR; };
		6DCE39822104E038005C125E /* AppDelegate.swift */ = {isa = PBXFileReference; lastKnownFileType = sourcecode.swift; path = AppDelegate.swift; sourceTree = "<group>"; };
		6DCE39842104E038005C125E /* ViewController.swift */ = {isa = PBXFileReference; lastKnownFileType = sourcecode.swift; path = ViewController.swift; sourceTree = "<group>"; };
		6DCE39872104E038005C125E /* Base */ = {isa = PBXFileReference; lastKnownFileType = file.storyboard; name = Base; path = Base.lproj/Main.storyboard; sourceTree = "<group>"; };
		6DCE39892104E03B005C125E /* Assets.xcassets */ = {isa = PBXFileReference; lastKnownFileType = folder.assetcatalog; path = Assets.xcassets; sourceTree = "<group>"; };
		6DCE398C2104E03B005C125E /* Base */ = {isa = PBXFileReference; lastKnownFileType = file.storyboard; name = Base; path = Base.lproj/LaunchScreen.storyboard; sourceTree = "<group>"; };
		6DCE398E2104E03B005C125E /* Info.plist */ = {isa = PBXFileReference; lastKnownFileType = text.plist.xml; path = Info.plist; sourceTree = "<group>"; };
		6DCE3998210819C8005C125E /* TableViewController.swift */ = {isa = PBXFileReference; lastKnownFileType = sourcecode.swift; path = TableViewController.swift; sourceTree = "<group>"; };
		6DCE399A210AB41D005C125E /* AddHabitViewController.swift */ = {isa = PBXFileReference; lastKnownFileType = sourcecode.swift; path = AddHabitViewController.swift; sourceTree = "<group>"; };
/* End PBXFileReference section */

/* Begin PBXFrameworksBuildPhase section */
		6DCE397C2104E038005C125E /* Frameworks */ = {
			isa = PBXFrameworksBuildPhase;
			buildActionMask = 2147483647;
			files = (
			);
			runOnlyForDeploymentPostprocessing = 0;
		};
/* End PBXFrameworksBuildPhase section */

/* Begin PBXGroup section */
		6DCE39762104E037005C125E = {
			isa = PBXGroup;
			children = (
				6DCE39812104E038005C125E /* myHabitTracker */,
				6DCE39802104E038005C125E /* Products */,
			);
			sourceTree = "<group>";
		};
		6DCE39802104E038005C125E /* Products */ = {
			isa = PBXGroup;
			children = (
				6DCE397F2104E038005C125E /* myHabitTracker.app */,
			);
			name = Products;
			sourceTree = "<group>";
		};
		6DCE39812104E038005C125E /* myHabitTracker */ = {
			isa = PBXGroup;
			children = (
				6DCE39822104E038005C125E /* AppDelegate.swift */,
				6DCE39842104E038005C125E /* ViewController.swift */,
				6DCE3998210819C8005C125E /* TableViewController.swift */,
				6DCE399A210AB41D005C125E /* AddHabitViewController.swift */,
				6DCE39862104E038005C125E /* Main.storyboard */,
				6DCE39892104E03B005C125E /* Assets.xcassets */,
				6DCE398B2104E03B005C125E /* LaunchScreen.storyboard */,
				6DCE398E2104E03B005C125E /* Info.plist */,
			);
			path = myHabitTracker;
			sourceTree = "<group>";
		};
/* End PBXGroup section */

/* Begin PBXNativeTarget section */
		6DCE397E2104E038005C125E /* myHabitTracker */ = {
			isa = PBXNativeTarget;
			buildConfigurationList = 6DCE39912104E03B005C125E /* Build configuration list for PBXNativeTarget "myHabitTracker" */;
			buildPhases = (
				6DCE397B2104E038005C125E /* Sources */,
				6DCE397C2104E038005C125E /* Frameworks */,
				6DCE397D2104E038005C125E /* Resources */,
			);
			buildRules = (
			);
			dependencies = (
			);
			name = myHabitTracker;
			productName = myHabitTracker;
			productReference = 6DCE397F2104E038005C125E /* myHabitTracker.app */;
			productType = "com.apple.product-type.application";
		};
/* End PBXNativeTarget section */

/* Begin PBXProject section */
		6DCE39772104E037005C125E /* Project object */ = {
			isa = PBXProject;
			attributes = {
				LastSwiftUpdateCheck = 0930;
				LastUpgradeCheck = 0930;
				ORGANIZATIONNAME = "Andre Chang";
				TargetAttributes = {
					6DCE397E2104E038005C125E = {
						CreatedOnToolsVersion = 9.3;
					};
				};
			};
			buildConfigurationList = 6DCE397A2104E037005C125E /* Build configuration list for PBXProject "myHabitTracker" */;
			compatibilityVersion = "Xcode 9.3";
			developmentRegion = en;
			hasScannedForEncodings = 0;
			knownRegions = (
				en,
				Base,
			);
			mainGroup = 6DCE39762104E037005C125E;
			productRefGroup = 6DCE39802104E038005C125E /* Products */;
			projectDirPath = "";
			projectRoot = "";
			targets = (
				6DCE397E2104E038005C125E /* myHabitTracker */,
			);
		};
/* End PBXProject section */

/* Begin PBXResourcesBuildPhase section */
		6DCE397D2104E038005C125E /* Resources */ = {
			isa = PBXResourcesBuildPhase;
			buildActionMask = 2147483647;
			files = (
				6DCE398D2104E03B005C125E /* LaunchScreen.storyboard in Resources */,
				6DCE398A2104E03B005C125E /* Assets.xcassets in Resources */,
				6DCE39882104E038005C125E /* Main.storyboard in Resources */,
			);
			runOnlyForDeploymentPostprocessing = 0;
		};
/* End PBXResourcesBuildPhase section */

/* Begin PBXSourcesBuildPhase section */
		6DCE397B2104E038005C125E /* Sources */ = {
			isa = PBXSourcesBuildPhase;
			buildActionMask = 2147483647;
			files = (
				6DCE39852104E038005C125E /* ViewController.swift in Sources */,
				6DCE3999210819C8005C125E /* TableViewController.swift in Sources */,
				6DCE39832104E038005C125E /* AppDelegate.swift in Sources */,
				6DCE399B210AB41D005C125E /* AddHabitViewController.swift in Sources */,
			);
			runOnlyForDeploymentPostprocessing = 0;
		};
/* End PBXSourcesBuildPhase section */

/* Begin PBXVariantGroup section */
		6DCE39862104E038005C125E /* Main.storyboard */ = {
			isa = PBXVariantGroup;
			children = (
				6DCE39872104E038005C125E /* Base */,
			);
			name = Main.storyboard;
			sourceTree = "<group>";
		};
		6DCE398B2104E03B005C125E /* LaunchScreen.storyboard */ = {
			isa = PBXVariantGroup;
			children = (
				6DCE398C2104E03B005C125E /* Base */,
			);
			name = LaunchScreen.storyboard;
			sourceTree = "<group>";
		};
/* End PBXVariantGroup section */

/* Begin XCBuildConfiguration section */
		6DCE398F2104E03B005C125E /* Debug */ = {
			isa = XCBuildConfiguration;
			buildSettings = {
				ALWAYS_SEARCH_USER_PATHS = NO;
				CLANG_ANALYZER_NONNULL = YES;
				CLANG_ANALYZER_NUMBER_OBJECT_CONVERSION = YES_AGGRESSIVE;
				CLANG_CXX_LANGUAGE_STANDARD = "gnu++14";
				CLANG_CXX_LIBRARY = "libc++";
				CLANG_ENABLE_MODULES = YES;
				CLANG_ENABLE_OBJC_ARC = YES;
				CLANG_ENABLE_OBJC_WEAK = YES;
				CLANG_WARN_BLOCK_CAPTURE_AUTORELEASING = YES;
				CLANG_WARN_BOOL_CONVERSION = YES;
				CLANG_WARN_COMMA = YES;
				CLANG_WARN_CONSTANT_CONVERSION = YES;
				CLANG_WARN_DEPRECATED_OBJC_IMPLEMENTATIONS = YES;
				CLANG_WARN_DIRECT_OBJC_ISA_USAGE = YES_ERROR;
				CLANG_WARN_DOCUMENTATION_COMMENTS = YES;
				CLANG_WARN_EMPTY_BODY = YES;
				CLANG_WARN_ENUM_CONVERSION = YES;
				CLANG_WARN_INFINITE_RECURSION = YES;
				CLANG_WARN_INT_CONVERSION = YES;
				CLANG_WARN_NON_LITERAL_NULL_CONVERSION = YES;
				CLANG_WARN_OBJC_IMPLICIT_RETAIN_SELF = YES;
				CLANG_WARN_OBJC_LITERAL_CONVERSION = YES;
				CLANG_WARN_OBJC_ROOT_CLASS = YES_ERROR;
				CLANG_WARN_RANGE_LOOP_ANALYSIS = YES;
				CLANG_WARN_STRICT_PROTOTYPES = YES;
				CLANG_WARN_SUSPICIOUS_MOVE = YES;
				CLANG_WARN_UNGUARDED_AVAILABILITY = YES_AGGRESSIVE;
				CLANG_WARN_UNREACHABLE_CODE = YES;
				CLANG_WARN__DUPLICATE_METHOD_MATCH = YES;
				CODE_SIGN_IDENTITY = "iPhone Developer";
				COPY_PHASE_STRIP = NO;
				DEBUG_INFORMATION_FORMAT = dwarf;
				ENABLE_STRICT_OBJC_MSGSEND = YES;
				ENABLE_TESTABILITY = YES;
				GCC_C_LANGUAGE_STANDARD = gnu11;
				GCC_DYNAMIC_NO_PIC = NO;
				GCC_NO_COMMON_BLOCKS = YES;
				GCC_OPTIMIZATION_LEVEL = 0;
				GCC_PREPROCESSOR_DEFINITIONS = (
					"DEBUG=1",
					"$(inherited)",
				);
				GCC_WARN_64_TO_32_BIT_CONVERSION = YES;
				GCC_WARN_ABOUT_RETURN_TYPE = YES_ERROR;
				GCC_WARN_UNDECLARED_SELECTOR = YES;
				GCC_WARN_UNINITIALIZED_AUTOS = YES_AGGRESSIVE;
				GCC_WARN_UNUSED_FUNCTION = YES;
				GCC_WARN_UNUSED_VARIABLE = YES;
				IPHONEOS_DEPLOYMENT_TARGET = 11.3;
				MTL_ENABLE_DEBUG_INFO = YES;
				ONLY_ACTIVE_ARCH = YES;
				SDKROOT = iphoneos;
				SWIFT_ACTIVE_COMPILATION_CONDITIONS = DEBUG;
				SWIFT_OPTIMIZATION_LEVEL = "-Onone";
			};
			name = Debug;
		};
		6DCE39902104E03B005C125E /* Release */ = {
			isa = XCBuildConfiguration;
			buildSettings = {
				ALWAYS_SEARCH_USER_PATHS = NO;
				CLANG_ANALYZER_NONNULL = YES;
				CLANG_ANALYZER_NUMBER_OBJECT_CONVERSION = YES_AGGRESSIVE;
				CLANG_CXX_LANGUAGE_STANDARD = "gnu++14";
				CLANG_CXX_LIBRARY = "libc++";
				CLANG_ENABLE_MODULES = YES;
				CLANG_ENABLE_OBJC_ARC = YES;
				CLANG_ENABLE_OBJC_WEAK = YES;
				CLANG_WARN_BLOCK_CAPTURE_AUTORELEASING = YES;
				CLANG_WARN_BOOL_CONVERSION = YES;
				CLANG_WARN_COMMA = YES;
				CLANG_WARN_CONSTANT_CONVERSION = YES;
				CLANG_WARN_DEPRECATED_OBJC_IMPLEMENTATIONS = YES;
				CLANG_WARN_DIRECT_OBJC_ISA_USAGE = YES_ERROR;
				CLANG_WARN_DOCUMENTATION_COMMENTS = YES;
				CLANG_WARN_EMPTY_BODY = YES;
				CLANG_WARN_ENUM_CONVERSION = YES;
				CLANG_WARN_INFINITE_RECURSION = YES;
				CLANG_WARN_INT_CONVERSION = YES;
				CLANG_WARN_NON_LITERAL_NULL_CONVERSION = YES;
				CLANG_WARN_OBJC_IMPLICIT_RETAIN_SELF = YES;
				CLANG_WARN_OBJC_LITERAL_CONVERSION = YES;
				CLANG_WARN_OBJC_ROOT_CLASS = YES_ERROR;
				CLANG_WARN_RANGE_LOOP_ANALYSIS = YES;
				CLANG_WARN_STRICT_PROTOTYPES = YES;
				CLANG_WARN_SUSPICIOUS_MOVE = YES;
				CLANG_WARN_UNGUARDED_AVAILABILITY = YES_AGGRESSIVE;
				CLANG_WARN_UNREACHABLE_CODE = YES;
				CLANG_WARN__DUPLICATE_METHOD_MATCH = YES;
				CODE_SIGN_IDENTITY = "iPhone Developer";
				COPY_PHASE_STRIP = NO;
				DEBUG_INFORMATION_FORMAT = "dwarf-with-dsym";
				ENABLE_NS_ASSERTIONS = NO;
				ENABLE_STRICT_OBJC_MSGSEND = YES;
				GCC_C_LANGUAGE_STANDARD = gnu11;
				GCC_NO_COMMON_BLOCKS = YES;
				GCC_WARN_64_TO_32_BIT_CONVERSION = YES;
				GCC_WARN_ABOUT_RETURN_TYPE = YES_ERROR;
				GCC_WARN_UNDECLARED_SELECTOR = YES;
				GCC_WARN_UNINITIALIZED_AUTOS = YES_AGGRESSIVE;
				GCC_WARN_UNUSED_FUNCTION = YES;
				GCC_WARN_UNUSED_VARIABLE = YES;
				IPHONEOS_DEPLOYMENT_TARGET = 11.3;
				MTL_ENABLE_DEBUG_INFO = NO;
				SDKROOT = iphoneos;
				SWIFT_COMPILATION_MODE = wholemodule;
				SWIFT_OPTIMIZATION_LEVEL = "-O";
				VALIDATE_PRODUCT = YES;
			};
			name = Release;
		};
		6DCE39922104E03B005C125E /* Debug */ = {
			isa = XCBuildConfiguration;
			buildSettings = {
				ASSETCATALOG_COMPILER_APPICON_NAME = AppIcon;
				CODE_SIGN_IDENTITY = "iPhone Developer";
				CODE_SIGN_STYLE = Automatic;
				DEVELOPMENT_TEAM = YBHE65Z2MU;
				INFOPLIST_FILE = myHabitTracker/Info.plist;
				LD_RUNPATH_SEARCH_PATHS = (
					"$(inherited)",
					"@executable_path/Frameworks",
				);
				PRODUCT_BUNDLE_IDENTIFIER = com.myHabitTracker;
				PRODUCT_NAME = "$(TARGET_NAME)";
				PROVISIONING_PROFILE_SPECIFIER = "";
				SWIFT_VERSION = 4.0;
				TARGETED_DEVICE_FAMILY = "1,2";
			};
			name = Debug;
		};
		6DCE39932104E03B005C125E /* Release */ = {
			isa = XCBuildConfiguration;
			buildSettings = {
				ASSETCATALOG_COMPILER_APPICON_NAME = AppIcon;
				CODE_SIGN_IDENTITY = "iPhone Developer";
				CODE_SIGN_STYLE = Automatic;
				DEVELOPMENT_TEAM = YBHE65Z2MU;
				INFOPLIST_FILE = myHabitTracker/Info.plist;
				LD_RUNPATH_SEARCH_PATHS = (
					"$(inherited)",
					"@executable_path/Frameworks",
				);
				PRODUCT_BUNDLE_IDENTIFIER = com.myHabitTracker;
				PRODUCT_NAME = "$(TARGET_NAME)";
				PROVISIONING_PROFILE_SPECIFIER = "";
				SWIFT_VERSION = 4.0;
				TARGETED_DEVICE_FAMILY = "1,2";
			};
			name = Release;
		};
/* End XCBuildConfiguration section */

/* Begin XCConfigurationList section */
		6DCE397A2104E037005C125E /* Build configuration list for PBXProject "myHabitTracker" */ = {
			isa = XCConfigurationList;
			buildConfigurations = (
				6DCE398F2104E03B005C125E /* Debug */,
				6DCE39902104E03B005C125E /* Release */,
			);
			defaultConfigurationIsVisible = 0;
			defaultConfigurationName = Release;
		};
		6DCE39912104E03B005C125E /* Build configuration list for PBXNativeTarget "myHabitTracker" */ = {
			isa = XCConfigurationList;
			buildConfigurations = (
				6DCE39922104E03B005C125E /* Debug */,
				6DCE39932104E03B005C125E /* Release */,
			);
			defaultConfigurationIsVisible = 0;
			defaultConfigurationName = Release;
		};
/* End XCConfigurationList section */
	};
	rootObject = 6DCE39772104E037005C125E /* Project object */;
}
